
Microsoft Visual Studio Solution File, Format Version 12.00
# Visual Studio 15
VisualStudioVersion = 15.0.28010.2016
MinimumVisualStudioVersion = 10.0.40219.1
Project("{FAE04EC0-301F-11D3-BF4B-00C04F79EFBC}") = "WeightTracker", "WeightTracker\WeightTracker.csproj", "{CE27A9FF-793D-4C18-ABC8-8B68B2E97E62}"
EndProject
Project("{FAE04EC0-301F-11D3-BF4B-00C04F79EFBC}") = "TrackSite", "TrackSite\TrackSite.csproj", "{EAE9E778-5904-4C90-8799-5F4C333961B3}"
EndProject
Project("{00D1A9C2-B5F0-4AF3-8072-F6C62B433612}") = "WeightTrackerBackup", "WeightTrackerBackup\WeightTrackerBackup.sqlproj", "{2F952984-3D30-4BF1-A954-2E147B1E6D3D}"
EndProject
Project("{FAE04EC0-301F-11D3-BF4B-00C04F79EFBC}") = "UnitTestProject1", "UnitTestProject1\UnitTestProject1.csproj", "{4D680EA1-471D-40AB-A54B-B65B7C7B800F}"
EndProject
Global
	GlobalSection(SolutionConfigurationPlatforms) = preSolution
		Debug|Any CPU = Debug|Any CPU
		Release|Any CPU = Release|Any CPU
	EndGlobalSection
	GlobalSection(ProjectConfigurationPlatforms) = postSolution
		{CE27A9FF-793D-4C18-ABC8-8B68B2E97E62}.Debug|Any CPU.ActiveCfg = Debug|Any CPU
		{CE27A9FF-793D-4C18-ABC8-8B68B2E97E62}.Debug|Any CPU.Build.0 = Debug|Any CPU
		{CE27A9FF-793D-4C18-ABC8-8B68B2E97E62}.Release|Any CPU.ActiveCfg = Release|Any CPU
		{CE27A9FF-793D-4C18-ABC8-8B68B2E97E62}.Release|Any CPU.Build.0 = Release|Any CPU
		{EAE9E778-5904-4C90-8799-5F4C333961B3}.Debug|Any CPU.ActiveCfg = Debug|Any CPU
		{EAE9E778-5904-4C90-8799-5F4C333961B3}.Debug|Any CPU.Build.0 = Debug|Any CPU
		{EAE9E778-5904-4C90-8799-5F4C333961B3}.Release|Any CPU.ActiveCfg = Release|Any CPU
		{EAE9E778-5904-4C90-8799-5F4C333961B3}.Release|Any CPU.Build.0 = Release|Any CPU
		{2F952984-3D30-4BF1-A954-2E147B1E6D3D}.Debug|Any CPU.ActiveCfg = Debug|Any CPU
		{2F952984-3D30-4BF1-A954-2E147B1E6D3D}.Debug|Any CPU.Build.0 = Debug|Any CPU
		{2F952984-3D30-4BF1-A954-2E147B1E6D3D}.Debug|Any CPU.Deploy.0 = Debug|Any CPU
		{2F952984-3D30-4BF1-A954-2E147B1E6D3D}.Release|Any CPU.ActiveCfg = Release|Any CPU
		{2F952984-3D30-4BF1-A954-2E147B1E6D3D}.Release|Any CPU.Build.0 = Release|Any CPU
		{2F952984-3D30-4BF1-A954-2E147B1E6D3D}.Release|Any CPU.Deploy.0 = Release|Any CPU
		{4D680EA1-471D-40AB-A54B-B65B7C7B800F}.Debug|Any CPU.ActiveCfg = Debug|Any CPU
		{4D680EA1-471D-40AB-A54B-B65B7C7B800F}.Debug|Any CPU.Build.0 = Debug|Any CPU
		{4D680EA1-471D-40AB-A54B-B65B7C7B800F}.Release|Any CPU.ActiveCfg = Release|Any CPU
		{4D680EA1-471D-40AB-A54B-B65B7C7B800F}.Release|Any CPU.Build.0 = Release|Any CPU
	EndGlobalSection
	GlobalSection(SolutionProperties) = preSolution
		HideSolutionNode = FALSE
	EndGlobalSection
	GlobalSection(ExtensibilityGlobals) = postSolution
		SolutionGuid = {A5AB3EF5-B8F5-41DF-A128-FB3B076C9152}
	EndGlobalSection
EndGlobal
