
Microsoft Visual Studio Solution File, Format Version 12.00
# Visual Studio 15
VisualStudioVersion = 15.0.28010.2016
MinimumVisualStudioVersion = 10.0.40219.1
Project("{FAE04EC0-301F-11D3-BF4B-00C04F79EFBC}") = "WeightTracker", "WeightTracker\WeightTracker.csproj", "{CE27A9FF-793D-4C18-ABC8-8B68B2E97E62}"
EndProject
Global
	GlobalSection(SolutionConfigurationPlatforms) = preSolution
		Debug|Any CPU = Debug|Any CPU
		Release|Any CPU = Release|Any CPU
	EndGlobalSection
	GlobalSection(ProjectConfigurationPlatforms) = postSolution
		{CE27A9FF-793D-4C18-ABC8-8B68B2E97E62}.Debug|Any CPU.ActiveCfg = Debug|Any CPU
		{CE27A9FF-793D-4C18-ABC8-8B68B2E97E62}.Debug|Any CPU.Build.0 = Debug|Any CPU
		{CE27A9FF-793D-4C18-ABC8-8B68B2E97E62}.Release|Any CPU.ActiveCfg = Release|Any CPU
		{CE27A9FF-793D-4C18-ABC8-8B68B2E97E62}.Release|Any CPU.Build.0 = Release|Any CPU
	EndGlobalSection
	GlobalSection(SolutionProperties) = preSolution
		HideSolutionNode = FALSE
	EndGlobalSection
	GlobalSection(ExtensibilityGlobals) = postSolution
		SolutionGuid = {A5AB3EF5-B8F5-41DF-A128-FB3B076C9152}
	EndGlobalSection
EndGlobal
